
Microsoft Visual Studio Solution File, Format Version 12.00
# Visual Studio Version 18
VisualStudioVersion = 18.3.11312.210 d18.3
MinimumVisualStudioVersion = 10.0.40219.1
Project("{FAE04EC0-301F-11D3-BF4B-00C04F79EFBC}") = "HttpClientDemo2", "HttpClientDemo2.csproj", "{119EA28A-83E3-92C4-A769-DC0B3E1BB2F5}"
EndProject
Global
	GlobalSection(SolutionConfigurationPlatforms) = preSolution
		Debug|Any CPU = Debug|Any CPU
		Release|Any CPU = Release|Any CPU
	EndGlobalSection
	GlobalSection(ProjectConfigurationPlatforms) = postSolution
		{119EA28A-83E3-92C4-A769-DC0B3E1BB2F5}.Debug|Any CPU.ActiveCfg = Debug|Any CPU
		{119EA28A-83E3-92C4-A769-DC0B3E1BB2F5}.Debug|Any CPU.Build.0 = Debug|Any CPU
		{119EA28A-83E3-92C4-A769-DC0B3E1BB2F5}.Release|Any CPU.ActiveCfg = Release|Any CPU
		{119EA28A-83E3-92C4-A769-DC0B3E1BB2F5}.Release|Any CPU.Build.0 = Release|Any CPU
	EndGlobalSection
	GlobalSection(SolutionProperties) = preSolution
		HideSolutionNode = FALSE
	EndGlobalSection
	GlobalSection(ExtensibilityGlobals) = postSolution
		SolutionGuid = {4B609362-A0F4-4008-BD40-547C8C2A6225}
	EndGlobalSection
EndGlobal
